# THIS IS AN AUTOGENERATED FILE. DO NOT EDIT THIS FILE DIRECTLY.
# yarn lockfile v1


body-scroll-lock@^2.6.4:
  version "2.6.4"
  resolved "https://registry.yarnpkg.com/body-scroll-lock/-/body-scroll-lock-2.6.4.tgz#567abc60ef4d656a79156781771398ef40462e94"
  integrity sha512-NP08WsovlmxEoZP9pdlqrE+AhNaivlTrz9a0FF37BQsnOrpN48eNqivKkE7SYpM9N+YIPjsdVzfLAUQDBm6OQw==

opencollective-postinstall@^2.0.2:
  version "2.0.2"
  resolved "https://registry.yarnpkg.com/opencollective-postinstall/-/opencollective-postinstall-2.0.2.tgz#5657f1bede69b6e33a45939b061eb53d3c6c3a89"
  integrity sha512-pVOEP16TrAO2/fjej1IdOyupJY8KDUM1CvsaScRbw6oddvpQoOfGk4ywha0HKKVAD6RkW4x6Q+tNBwhf3Bgpuw==

popper.js@^1.15.0:
  version "1.16.0"
  resolved "https://registry.yarnpkg.com/popper.js/-/popper.js-1.16.0.tgz#2e1816bcbbaa518ea6c2e15a466f4cb9c6e2fbb3"
  integrity sha512-+G+EkOPoE5S/zChTpmBSSDYmhXJ5PsW8eMhH8cP/CQHMFPBG/kC9Y5IIw6qNYgdJ+/COf0ddY2li28iHaZRSjw==

vue-popperjs@^2.1.0:
  version "2.3.0"
  resolved "https://registry.yarnpkg.com/vue-popperjs/-/vue-popperjs-2.3.0.tgz#9cfa052878a3b47b670339ea81e05edcb863200f"
  integrity sha512-925QEeNjlMtb3eDHl5ZlODJzqnQL0nQPEKpr9aQ3XBg21DyqAdfLgD/At4svsPwFeIkpdF1gvHarENon47L9Cg==
  dependencies:
    opencollective-postinstall "^2.0.2"
    popper.js "^1.15.0"

vue-tailwind@^0.4.2:
  version "0.4.2"
  resolved "https://registry.yarnpkg.com/vue-tailwind/-/vue-tailwind-0.4.2.tgz#17af14f9f3e9226656348110d64a0b729711fd9d"
  integrity sha512-EoaLvIl+KlaqfWp5u3f+ZxcfsmqWrokp8HuMOxhTCOVT5OufrqUQMN0j/HE9Kt6RSh5j/9VA29JurDu+dKwW2Q==
  dependencies:
    body-scroll-lock "^2.6.4"
    vue "^2.6.10"
    vue-popperjs "^2.1.0"

vue@^2.6.10:
  version "2.6.11"
  resolved "https://registry.yarnpkg.com/vue/-/vue-2.6.11.tgz#76594d877d4b12234406e84e35275c6d514125c5"
  integrity sha512-VfPwgcGABbGAue9+sfrD4PuwFar7gPb1yl1UK1MwXoQPAw0BKSqWfoYCT/ThFrdEVWoI51dBuyCoiNU9bZDZxQ==
